
Microsoft Visual Studio Solution File, Format Version 12.00
# Visual Studio Version 17
VisualStudioVersion = 17.2.32630.192
MinimumVisualStudioVersion = 10.0.40219.1
Project("{FAE04EC0-301F-11D3-BF4B-00C04F79EFBC}") = "GSApi", "GSApi\GSApi.csproj", "{3C35D48F-96A9-44C1-A0F9-2EDFC8255CB8}"
EndProject
Global
	GlobalSection(SolutionConfigurationPlatforms) = preSolution
		Debug|Any CPU = Debug|Any CPU
		Release|Any CPU = Release|Any CPU
	EndGlobalSection
	GlobalSection(ProjectConfigurationPlatforms) = postSolution
		{3C35D48F-96A9-44C1-A0F9-2EDFC8255CB8}.Debug|Any CPU.ActiveCfg = Debug|Any CPU
		{3C35D48F-96A9-44C1-A0F9-2EDFC8255CB8}.Debug|Any CPU.Build.0 = Debug|Any CPU
		{3C35D48F-96A9-44C1-A0F9-2EDFC8255CB8}.Release|Any CPU.ActiveCfg = Release|Any CPU
		{3C35D48F-96A9-44C1-A0F9-2EDFC8255CB8}.Release|Any CPU.Build.0 = Release|Any CPU
	EndGlobalSection
	GlobalSection(SolutionProperties) = preSolution
		HideSolutionNode = FALSE
	EndGlobalSection
	GlobalSection(ExtensibilityGlobals) = postSolution
		SolutionGuid = {0724E74F-08A1-4312-AA1B-91ABC974CB6C}
	EndGlobalSection
EndGlobal
